{
  "originHash" : "bf4715819353e529a06b1bfb5a29186964ccea2c79d62bec0489c9c15d80ddbf",
  "pins" : [
    {
      "identity" : "capacitor-swift-pm",
      "kind" : "remoteSourceControl",
      "location" : "https://github.com/ionic-team/capacitor-swift-pm.git",
      "state" : {
        "revision" : "f1a8fadf1437c23b825c818fb6509c9dbbae2f61",
        "version" : "8.3.1"
      }
    },
    {
      "identity" : "purchases-hybrid-common",
      "kind" : "remoteSourceControl",
      "location" : "https://github.com/RevenueCat/purchases-hybrid-common.git",
      "state" : {
        "revision" : "a9d25f3d300cdb515b0cce464b59ebb29ad9ec14",
        "version" : "18.10.0"
      }
    },
    {
      "identity" : "purchases-ios-spm",
      "kind" : "remoteSourceControl",
      "location" : "https://github.com/RevenueCat/purchases-ios-spm",
      "state" : {
        "revision" : "92e2804a6b84b3b7ce60bfe7e9ff63dc9524ef5b",
        "version" : "5.76.0"
      }
    }
  ],
  "version" : 3
}
